<?xml version="1.0" encoding="utf-8"?>
<Project ToolsVersion="4.0" xmlns="http://schemas.microsoft.com/developer/msbuild/2003">
  <ItemGroup>
    <Filter Include="Source Files">
      <UniqueIdentifier>{4FC737F1-C7A5-4376-A066-2A32D752A2FF}</UniqueIdentifier>
      <Extensions>cpp;c;cc;cxx;def;odl;idl;hpj;bat;asm;asmx</Extensions>
    </Filter>
    <Filter Include="Header Files">
      <UniqueIdentifier>{93995380-89BD-4b04-88EB-625FBE52EBFB}</UniqueIdentifier>
      <Extensions>h;hh;hpp;hxx;hm;inl;inc;xsd</Extensions>
    </Filter>
    <Filter Include="Resource Files">
      <UniqueIdentifier>{D9D6E242-F8AF-46E4-B9FD-80ECBC20BA3E}</UniqueIdentifier>
      <Extensions>qrc;*</Extensions>
      <ParseFiles>false</ParseFiles>
    </Filter>
    <Filter Include="Form Files">
      <UniqueIdentifier>{99349809-55BA-4b9d-BF79-8FDBB0286EB3}</UniqueIdentifier>
      <Extensions>ui</Extensions>
    </Filter>
    <Filter Include="Resource Files">
      <UniqueIdentifier>{D9D6E242-F8AF-46E4-B9FD-80ECBC20BA3E}</UniqueIdentifier>
      <Extensions>qrc;*</Extensions>
      <ParseFiles>false</ParseFiles>
    </Filter>
    <Filter Include="Generated Files">
      <UniqueIdentifier>{71ED8ED8-ACB9-4CE9-BBE1-E00B30144E11}</UniqueIdentifier>
      <Extensions>moc;h;cpp</Extensions>
      <SourceControlFiles>False</SourceControlFiles>
    </Filter>
    <Filter Include="Generated Files\Debug">
      <UniqueIdentifier>{dd4fb5f4-55c4-45b8-90ab-a78524c62a16}</UniqueIdentifier>
      <Extensions>cpp;moc</Extensions>
      <SourceControlFiles>False</SourceControlFiles>
    </Filter>
    <Filter Include="Generated Files\Release">
      <UniqueIdentifier>{58db28f1-c925-4260-bb4e-69227e2f2b1a}</UniqueIdentifier>
      <Extensions>cpp;moc</Extensions>
      <SourceControlFiles>False</SourceControlFiles>
    </Filter>
    <Filter Include="Gui states">
      <UniqueIdentifier>{9b985e09-8a42-4afd-8572-5ac71ced0f73}</UniqueIdentifier>
    </Filter>
    <Filter Include="GUI">
      <UniqueIdentifier>{6df53296-359e-405d-9810-a0de99cd6c21}</UniqueIdentifier>
    </Filter>
    <Filter Include="Reconstruction filters">
      <UniqueIdentifier>{267b05ad-ed40-4658-9797-5912a7bea13a}</UniqueIdentifier>
    </Filter>
    <Filter Include="Fractals">
      <UniqueIdentifier>{097b6c3f-b450-4582-8230-602c6feeadda}</UniqueIdentifier>
    </Filter>
    <Filter Include="Job">
      <UniqueIdentifier>{22fc26c9-f702-4a94-8902-144d324a03bf}</UniqueIdentifier>
    </Filter>
  </ItemGroup>
  <ItemGroup>
    <ClCompile Include="main.cpp">
      <Filter>Source Files</Filter>
    </ClCompile>
    <ClCompile Include="GeneratedFiles\qrc_Fractals.cpp">
      <Filter>Generated Files</Filter>
    </ClCompile>
    <ClCompile Include="GeneratedFiles\Debug\moc_FractalWindow.cpp">
      <Filter>Generated Files\Debug</Filter>
    </ClCompile>
    <ClCompile Include="GeneratedFiles\Release\moc_FractalWindow.cpp">
      <Filter>Generated Files\Release</Filter>
    </ClCompile>
    <ClCompile Include="Color.cpp">
      <Filter>Source Files</Filter>
    </ClCompile>
    <ClCompile Include="Logger.cpp">
      <Filter>Source Files</Filter>
    </ClCompile>
    <ClCompile Include="Parameters.cpp">
      <Filter>Source Files</Filter>
    </ClCompile>
    <ClCompile Include="GeneratedFiles\Debug\moc_WidgetFractal.cpp">
      <Filter>Generated Files\Debug</Filter>
    </ClCompile>
    <ClCompile Include="GeneratedFiles\Release\moc_WidgetFractal.cpp">
      <Filter>Generated Files\Release</Filter>
    </ClCompile>
    <ClCompile Include="GeneratedFiles\Debug\moc_ChooseFractalWidget.cpp">
      <Filter>Generated Files\Debug</Filter>
    </ClCompile>
    <ClCompile Include="GeneratedFiles\Release\moc_ChooseFractalWidget.cpp">
      <Filter>Generated Files\Release</Filter>
    </ClCompile>
    <ClCompile Include="GeneratedFiles\Debug\moc_ProgressDialog.cpp">
      <Filter>Generated Files\Debug</Filter>
    </ClCompile>
    <ClCompile Include="GeneratedFiles\Release\moc_ProgressDialog.cpp">
      <Filter>Generated Files\Release</Filter>
    </ClCompile>
    <ClCompile Include="Fractal2.cpp">
      <Filter>Source Files</Filter>
    </ClCompile>
    <ClCompile Include="GeneratedFiles\Debug\moc_Fractal.cpp">
      <Filter>Generated Files\Debug</Filter>
    </ClCompile>
    <ClCompile Include="GeneratedFiles\Release\moc_Fractal.cpp">
      <Filter>Generated Files\Release</Filter>
    </ClCompile>
    <ClCompile Include="FractalComputationListener.cpp">
      <Filter>Source Files</Filter>
    </ClCompile>
    <ClCompile Include="Image.cpp">
      <Filter>Source Files</Filter>
    </ClCompile>
    <ClCompile Include="GeneratedFiles\Debug\moc_JobManager.cpp">
      <Filter>Generated Files\Debug</Filter>
    </ClCompile>
    <ClCompile Include="GeneratedFiles\Release\moc_JobManager.cpp">
      <Filter>Generated Files\Release</Filter>
    </ClCompile>
    <ClCompile Include="ObjectFactory.cpp">
      <Filter>Source Files</Filter>
    </ClCompile>
    <ClCompile Include="ObjectFactoryManager.cpp">
      <Filter>Source Files</Filter>
    </ClCompile>
    <ClCompile Include="tools\Timer.cpp">
      <Filter>Source Files</Filter>
    </ClCompile>
    <ClCompile Include="MandelbrotState.cpp">
      <Filter>Gui states</Filter>
    </ClCompile>
    <ClCompile Include="ChooseFractalWidget.cpp">
      <Filter>GUI</Filter>
    </ClCompile>
    <ClCompile Include="FractalWindow.cpp">
      <Filter>GUI</Filter>
    </ClCompile>
    <ClCompile Include="ProgressDialog.cpp">
      <Filter>GUI</Filter>
    </ClCompile>
    <ClCompile Include="WidgetFractal.cpp">
      <Filter>GUI</Filter>
    </ClCompile>
    <ClCompile Include="GuiState.cpp">
      <Filter>Gui states</Filter>
    </ClCompile>
    <ClCompile Include="BoxFilter.cpp">
      <Filter>Reconstruction filters</Filter>
    </ClCompile>
    <ClCompile Include="GaussianFilter.cpp">
      <Filter>Reconstruction filters</Filter>
    </ClCompile>
    <ClCompile Include="MitchellNetravaliFilter.cpp">
      <Filter>Reconstruction filters</Filter>
    </ClCompile>
    <ClCompile Include="ReconstructionFilter.cpp">
      <Filter>Reconstruction filters</Filter>
    </ClCompile>
    <ClCompile Include="Fractal.cpp">
      <Filter>Fractals</Filter>
    </ClCompile>
    <ClCompile Include="Mandelbrot.cpp">
      <Filter>Fractals</Filter>
    </ClCompile>
    <ClCompile Include="Julia.cpp">
      <Filter>Fractals</Filter>
    </ClCompile>
    <ClCompile Include="JuliaState.cpp">
      <Filter>Gui states</Filter>
    </ClCompile>
    <ClCompile Include="GeneratedFiles\Debug\moc_GeneralConfigurationDialog.cpp">
      <Filter>Generated Files\Debug</Filter>
    </ClCompile>
    <ClCompile Include="GeneratedFiles\Release\moc_GeneralConfigurationDialog.cpp">
      <Filter>Generated Files\Release</Filter>
    </ClCompile>
    <ClCompile Include="GeneratedFiles\Debug\moc_GuiState.cpp">
      <Filter>Generated Files\Debug</Filter>
    </ClCompile>
    <ClCompile Include="GeneratedFiles\Release\moc_GuiState.cpp">
      <Filter>Generated Files\Release</Filter>
    </ClCompile>
    <ClCompile Include="GeneralConfigurationDialog.cpp">
      <Filter>GUI</Filter>
    </ClCompile>
    <ClCompile Include="MandelbrotConfigurationDialog.cpp">
      <Filter>GUI</Filter>
    </ClCompile>
    <ClCompile Include="GeneratedFiles\Debug\moc_MandelbrotConfigurationDialog.cpp">
      <Filter>Generated Files\Debug</Filter>
    </ClCompile>
    <ClCompile Include="GeneratedFiles\Release\moc_MandelbrotConfigurationDialog.cpp">
      <Filter>Generated Files\Release</Filter>
    </ClCompile>
    <ClCompile Include="FractalJob.cpp">
      <Filter>Job</Filter>
    </ClCompile>
    <ClCompile Include="Job.cpp">
      <Filter>Job</Filter>
    </ClCompile>
    <ClCompile Include="JobManager.cpp">
      <Filter>Job</Filter>
    </ClCompile>
    <ClCompile Include="GeneratedFiles\Debug\moc_BoxFilterConfigurationDialog.cpp">
      <Filter>Generated Files\Debug</Filter>
    </ClCompile>
    <ClCompile Include="GeneratedFiles\Release\moc_BoxFilterConfigurationDialog.cpp">
      <Filter>Generated Files\Release</Filter>
    </ClCompile>
    <ClCompile Include="GeneratedFiles\Debug\moc_MitchellNetravaliFilterConfigurationDialog.cpp">
      <Filter>Generated Files\Debug</Filter>
    </ClCompile>
    <ClCompile Include="GeneratedFiles\Release\moc_MitchellNetravaliFilterConfigurationDialog.cpp">
      <Filter>Generated Files\Release</Filter>
    </ClCompile>
    <ClCompile Include="GeneratedFiles\Debug\moc_GaussianFilterConfigurationDialog.cpp">
      <Filter>Generated Files\Debug</Filter>
    </ClCompile>
    <ClCompile Include="GeneratedFiles\Release\moc_GaussianFilterConfigurationDialog.cpp">
      <Filter>Generated Files\Release</Filter>
    </ClCompile>
    <ClCompile Include="BoxFilterConfigurationDialog.cpp">
      <Filter>GUI</Filter>
    </ClCompile>
    <ClCompile Include="GaussianFilterConfigurationDialog.cpp">
      <Filter>GUI</Filter>
    </ClCompile>
    <ClCompile Include="MitchellNetravaliFilterConfigurationDialog.cpp">
      <Filter>GUI</Filter>
    </ClCompile>
    <ClCompile Include="GeneratedFiles\Debug\moc_MandelJuliaRandomRendererDialog.cpp">
      <Filter>Generated Files\Debug</Filter>
    </ClCompile>
    <ClCompile Include="GeneratedFiles\Release\moc_MandelJuliaRandomRendererDialog.cpp">
      <Filter>Generated Files\Release</Filter>
    </ClCompile>
    <ClCompile Include="MandelJuliaRandomRendererDialog.cpp">
      <Filter>GUI</Filter>
    </ClCompile>
    <ClCompile Include="Buddhabrot.cpp">
      <Filter>Fractals</Filter>
    </ClCompile>
  </ItemGroup>
  <ItemGroup>
    <CustomBuild Include="Fractals.ui">
      <Filter>Form Files</Filter>
    </CustomBuild>
    <CustomBuild Include="Fractals.qrc">
      <Filter>Resource Files</Filter>
    </CustomBuild>
    <CustomBuild Include="WidgetFractal.ui">
      <Filter>Form Files</Filter>
    </CustomBuild>
    <CustomBuild Include="ChooseFractalWidget.ui">
      <Filter>Form Files</Filter>
    </CustomBuild>
    <CustomBuild Include="ProgressDialog.ui">
      <Filter>Form Files</Filter>
    </CustomBuild>
    <CustomBuild Include="Fractal2.h">
      <Filter>Header Files</Filter>
    </CustomBuild>
    <CustomBuild Include="FractalComputationListener.h">
      <Filter>Header Files</Filter>
    </CustomBuild>
    <CustomBuild Include="ChooseFractalWidget.h">
      <Filter>GUI</Filter>
    </CustomBuild>
    <CustomBuild Include="FractalWindow.h">
      <Filter>GUI</Filter>
    </CustomBuild>
    <CustomBuild Include="ProgressDialog.h">
      <Filter>GUI</Filter>
    </CustomBuild>
    <CustomBuild Include="WidgetFractal.h">
      <Filter>GUI</Filter>
    </CustomBuild>
    <CustomBuild Include="Fractal.h">
      <Filter>Fractals</Filter>
    </CustomBuild>
    <CustomBuild Include="GeneralConfigurationDialog.ui">
      <Filter>Form Files</Filter>
    </CustomBuild>
    <CustomBuild Include="GuiState.h">
      <Filter>Gui states</Filter>
    </CustomBuild>
    <CustomBuild Include="GeneralConfigurationDialog.h">
      <Filter>GUI</Filter>
    </CustomBuild>
    <CustomBuild Include="MandelbrotConfigurationDialog.ui">
      <Filter>Form Files</Filter>
    </CustomBuild>
    <CustomBuild Include="MandelbrotConfigurationDialog.h">
      <Filter>GUI</Filter>
    </CustomBuild>
    <CustomBuild Include="JobManager.h">
      <Filter>Job</Filter>
    </CustomBuild>
    <CustomBuild Include="BoxFilterConfigurationDialog.ui">
      <Filter>Form Files</Filter>
    </CustomBuild>
    <CustomBuild Include="MitchellNetravaliFilterConfigurationDialog.ui">
      <Filter>Form Files</Filter>
    </CustomBuild>
    <CustomBuild Include="GaussianFilterConfigurationDialog.ui">
      <Filter>Form Files</Filter>
    </CustomBuild>
    <CustomBuild Include="BoxFilterConfigurationDialog.h">
      <Filter>GUI</Filter>
    </CustomBuild>
    <CustomBuild Include="MitchellNetravaliFilterConfigurationDialog.h">
      <Filter>GUI</Filter>
    </CustomBuild>
    <CustomBuild Include="GaussianFilterConfigurationDialog.h">
      <Filter>GUI</Filter>
    </CustomBuild>
    <CustomBuild Include="MandelJuliaRandomRendererDialog.ui">
      <Filter>Form Files</Filter>
    </CustomBuild>
    <CustomBuild Include="MandelJuliaRandomRendererDialog.h">
      <Filter>GUI</Filter>
    </CustomBuild>
  </ItemGroup>
  <ItemGroup>
    <ClInclude Include="GeneratedFiles\ui_Fractals.h">
      <Filter>Generated Files</Filter>
    </ClInclude>
    <ClInclude Include="Array2D.h">
      <Filter>Header Files</Filter>
    </ClInclude>
    <ClInclude Include="Color.h">
      <Filter>Header Files</Filter>
    </ClInclude>
    <ClInclude Include="Logger.h">
      <Filter>Header Files</Filter>
    </ClInclude>
    <ClInclude Include="NonCopyable.h">
      <Filter>Header Files</Filter>
    </ClInclude>
    <ClInclude Include="Parameters.h">
      <Filter>Header Files</Filter>
    </ClInclude>
    <ClInclude Include="GeneratedFiles\ui_WidgetFractal.h">
      <Filter>Generated Files</Filter>
    </ClInclude>
    <ClInclude Include="GeneratedFiles\ui_ChooseFractalWidget.h">
      <Filter>Generated Files</Filter>
    </ClInclude>
    <ClInclude Include="GeneratedFiles\ui_ProgressDialog.h">
      <Filter>Generated Files</Filter>
    </ClInclude>
    <ClInclude Include="Image.h">
      <Filter>Header Files</Filter>
    </ClInclude>
    <ClInclude Include="WithSmartPtr.h">
      <Filter>Header Files</Filter>
    </ClInclude>
    <ClInclude Include="ObjectFactory.h">
      <Filter>Header Files</Filter>
    </ClInclude>
    <ClInclude Include="ObjectFactoryManager.h">
      <Filter>Header Files</Filter>
    </ClInclude>
    <ClInclude Include="tools\Singleton.h">
      <Filter>Header Files</Filter>
    </ClInclude>
    <ClInclude Include="tools\Timer.h">
      <Filter>Header Files</Filter>
    </ClInclude>
    <ClInclude Include="MandelbrotState.h">
      <Filter>Gui states</Filter>
    </ClInclude>
    <ClInclude Include="BoxFilter.h">
      <Filter>Reconstruction filters</Filter>
    </ClInclude>
    <ClInclude Include="GaussianFilter.h">
      <Filter>Reconstruction filters</Filter>
    </ClInclude>
    <ClInclude Include="MitchellNetravaliFilter.h">
      <Filter>Reconstruction filters</Filter>
    </ClInclude>
    <ClInclude Include="ReconstructionFilter.h">
      <Filter>Reconstruction filters</Filter>
    </ClInclude>
    <ClInclude Include="Mandelbrot.h">
      <Filter>Fractals</Filter>
    </ClInclude>
    <ClInclude Include="Julia.h">
      <Filter>Fractals</Filter>
    </ClInclude>
    <ClInclude Include="JuliaState.h">
      <Filter>Gui states</Filter>
    </ClInclude>
    <ClInclude Include="resource.h">
      <Filter>Header Files</Filter>
    </ClInclude>
    <ClInclude Include="GeneratedFiles\ui_GeneralConfigurationDialog.h">
      <Filter>Generated Files</Filter>
    </ClInclude>
    <ClInclude Include="GeneratedFiles\ui_MandelbrotConfigurationDialog.h">
      <Filter>Generated Files</Filter>
    </ClInclude>
    <ClInclude Include="FractalJob.h">
      <Filter>Job</Filter>
    </ClInclude>
    <ClInclude Include="Job.h">
      <Filter>Job</Filter>
    </ClInclude>
    <ClInclude Include="GeneratedFiles\ui_BoxFilterConfigurationDialog.h">
      <Filter>Generated Files</Filter>
    </ClInclude>
    <ClInclude Include="GeneratedFiles\ui_MitchellNetravaliFilterConfigurationDialog.h">
      <Filter>Generated Files</Filter>
    </ClInclude>
    <ClInclude Include="GeneratedFiles\ui_GaussianFilterConfigurationDialog.h">
      <Filter>Generated Files</Filter>
    </ClInclude>
    <ClInclude Include="GeneratedFiles\ui_MandelJuliaRandomRendererDialog.h">
      <Filter>Generated Files</Filter>
    </ClInclude>
    <ClInclude Include="SignalBlocker.h">
      <Filter>Header Files</Filter>
    </ClInclude>
    <ClInclude Include="Buddhabrot.h">
      <Filter>Fractals</Filter>
    </ClInclude>
  </ItemGroup>
  <ItemGroup>
    <ResourceCompile Include="Fractals.rc" />
  </ItemGroup>
</Project>