<?xml version="1.0" encoding="utf-8"?>
<Project ToolsVersion="4.0" xmlns="http://schemas.microsoft.com/developer/msbuild/2003">
  <ItemGroup>
    <Filter Include="Source Files">
      <UniqueIdentifier>{4FC737F1-C7A5-4376-A066-2A32D752A2FF}</UniqueIdentifier>
      <Extensions>cpp;c;cc;cxx;def;odl;idl;hpj;bat;asm;asmx</Extensions>
    </Filter>
    <Filter Include="Header Files">
      <UniqueIdentifier>{93995380-89BD-4b04-88EB-625FBE52EBFB}</UniqueIdentifier>
      <Extensions>h;hh;hpp;hxx;hm;inl;inc;xsd</Extensions>
    </Filter>
    <Filter Include="Resource Files">
      <UniqueIdentifier>{D9D6E242-F8AF-46E4-B9FD-80ECBC20BA3E}</UniqueIdentifier>
      <Extensions>qrc;*</Extensions>
      <ParseFiles>false</ParseFiles>
    </Filter>
    <Filter Include="Form Files">
      <UniqueIdentifier>{99349809-55BA-4b9d-BF79-8FDBB0286EB3}</UniqueIdentifier>
      <Extensions>ui</Extensions>
    </Filter>
    <Filter Include="Resource Files">
      <UniqueIdentifier>{D9D6E242-F8AF-46E4-B9FD-80ECBC20BA3E}</UniqueIdentifier>
      <Extensions>qrc;*</Extensions>
      <ParseFiles>false</ParseFiles>
    </Filter>
    <Filter Include="Generated Files">
      <UniqueIdentifier>{71ED8ED8-ACB9-4CE9-BBE1-E00B30144E11}</UniqueIdentifier>
      <Extensions>moc;h;cpp</Extensions>
      <SourceControlFiles>False</SourceControlFiles>
    </Filter>
    <Filter Include="Generated Files\Debug">
      <UniqueIdentifier>{dd4fb5f4-55c4-45b8-90ab-a78524c62a16}</UniqueIdentifier>
      <Extensions>cpp;moc</Extensions>
      <SourceControlFiles>False</SourceControlFiles>
    </Filter>
    <Filter Include="Generated Files\Release">
      <UniqueIdentifier>{58db28f1-c925-4260-bb4e-69227e2f2b1a}</UniqueIdentifier>
      <Extensions>cpp;moc</Extensions>
      <SourceControlFiles>False</SourceControlFiles>
    </Filter>
    <Filter Include="Gui states">
      <UniqueIdentifier>{9b985e09-8a42-4afd-8572-5ac71ced0f73}</UniqueIdentifier>
    </Filter>
    <Filter Include="GUI">
      <UniqueIdentifier>{6df53296-359e-405d-9810-a0de99cd6c21}</UniqueIdentifier>
    </Filter>
    <Filter Include="Reconstruction filters">
      <UniqueIdentifier>{267b05ad-ed40-4658-9797-5912a7bea13a}</UniqueIdentifier>
    </Filter>
    <Filter Include="Fractals">
      <UniqueIdentifier>{097b6c3f-b450-4582-8230-602c6feeadda}</UniqueIdentifier>
    </Filter>
    <Filter Include="Job">
      <UniqueIdentifier>{22fc26c9-f702-4a94-8902-144d324a03bf}</UniqueIdentifier>
    </Filter>
    <Filter Include="Renderers">
      <UniqueIdentifier>{45f70343-ba53-4526-9fca-5a3243b74964}</UniqueIdentifier>
    </Filter>
    <Filter Include="FParser">
      <UniqueIdentifier>{06bae8ad-a922-4650-be49-6a698e6ecd02}</UniqueIdentifier>
    </Filter>
    <Filter Include="Tools">
      <UniqueIdentifier>{18df12c0-8db9-4512-bac4-6a6b9e30eaec}</UniqueIdentifier>
    </Filter>
    <Filter Include="Core">
      <UniqueIdentifier>{8187685e-3b5e-44ab-8f04-cf4577735975}</UniqueIdentifier>
    </Filter>
    <Filter Include="Factory">
      <UniqueIdentifier>{37582ab4-5be7-489b-aceb-0fc1021a04dc}</UniqueIdentifier>
    </Filter>
  </ItemGroup>
  <ItemGroup>
    <ClCompile Include="GeneratedFiles\qrc_Fractals.cpp">
      <Filter>Generated Files</Filter>
    </ClCompile>
    <ClCompile Include="FParser\fparser.cc">
      <Filter>FParser</Filter>
    </ClCompile>
    <ClCompile Include="FParser\fpoptimizer.cc">
      <Filter>FParser</Filter>
    </ClCompile>
    <ClCompile Include="src\fractal\Buddhabrot.cpp">
      <Filter>Fractals</Filter>
    </ClCompile>
    <ClCompile Include="src\fractal\Fractal.cpp">
      <Filter>Fractals</Filter>
    </ClCompile>
    <ClCompile Include="src\fractal\Fractal2.cpp">
      <Filter>Fractals</Filter>
    </ClCompile>
    <ClCompile Include="src\fractal\Julia.cpp">
      <Filter>Fractals</Filter>
    </ClCompile>
    <ClCompile Include="src\fractal\Lyapunov.cpp">
      <Filter>Fractals</Filter>
    </ClCompile>
    <ClCompile Include="src\fractal\Mandelbrot.cpp">
      <Filter>Fractals</Filter>
    </ClCompile>
    <ClCompile Include="src\fractal\Newton.cpp">
      <Filter>Fractals</Filter>
    </ClCompile>
    <ClCompile Include="src\gui\BoxFilterConfigurationDialog.cpp">
      <Filter>GUI</Filter>
    </ClCompile>
    <ClCompile Include="GeneratedFiles\Debug\moc_BoxFilterConfigurationDialog.cpp">
      <Filter>Generated Files\Debug</Filter>
    </ClCompile>
    <ClCompile Include="GeneratedFiles\Release\moc_BoxFilterConfigurationDialog.cpp">
      <Filter>Generated Files\Release</Filter>
    </ClCompile>
    <ClCompile Include="src\gui\BuddhabrotConfigurationDialog.cpp">
      <Filter>GUI</Filter>
    </ClCompile>
    <ClCompile Include="GeneratedFiles\Debug\moc_BuddhabrotConfigurationDialog.cpp">
      <Filter>Generated Files\Debug</Filter>
    </ClCompile>
    <ClCompile Include="GeneratedFiles\Release\moc_BuddhabrotConfigurationDialog.cpp">
      <Filter>Generated Files\Release</Filter>
    </ClCompile>
    <ClCompile Include="src\gui\ChooseFractalWidget.cpp">
      <Filter>GUI</Filter>
    </ClCompile>
    <ClCompile Include="GeneratedFiles\Debug\moc_ChooseFractalWidget.cpp">
      <Filter>Generated Files\Debug</Filter>
    </ClCompile>
    <ClCompile Include="GeneratedFiles\Release\moc_ChooseFractalWidget.cpp">
      <Filter>Generated Files\Release</Filter>
    </ClCompile>
    <ClCompile Include="src\gui\FractalWindow.cpp">
      <Filter>GUI</Filter>
    </ClCompile>
    <ClCompile Include="GeneratedFiles\Debug\moc_FractalWindow.cpp">
      <Filter>Generated Files\Debug</Filter>
    </ClCompile>
    <ClCompile Include="GeneratedFiles\Release\moc_FractalWindow.cpp">
      <Filter>Generated Files\Release</Filter>
    </ClCompile>
    <ClCompile Include="src\gui\GaussianFilterConfigurationDialog.cpp">
      <Filter>GUI</Filter>
    </ClCompile>
    <ClCompile Include="GeneratedFiles\Debug\moc_GaussianFilterConfigurationDialog.cpp">
      <Filter>Generated Files\Debug</Filter>
    </ClCompile>
    <ClCompile Include="GeneratedFiles\Release\moc_GaussianFilterConfigurationDialog.cpp">
      <Filter>Generated Files\Release</Filter>
    </ClCompile>
    <ClCompile Include="src\gui\GeneralConfigurationDialog.cpp">
      <Filter>GUI</Filter>
    </ClCompile>
    <ClCompile Include="GeneratedFiles\Debug\moc_GeneralConfigurationDialog.cpp">
      <Filter>Generated Files\Debug</Filter>
    </ClCompile>
    <ClCompile Include="GeneratedFiles\Release\moc_GeneralConfigurationDialog.cpp">
      <Filter>Generated Files\Release</Filter>
    </ClCompile>
    <ClCompile Include="src\gui\LyapunovConfigurationDialog.cpp">
      <Filter>GUI</Filter>
    </ClCompile>
    <ClCompile Include="GeneratedFiles\Debug\moc_LyapunovConfigurationDialog.cpp">
      <Filter>Generated Files\Debug</Filter>
    </ClCompile>
    <ClCompile Include="GeneratedFiles\Release\moc_LyapunovConfigurationDialog.cpp">
      <Filter>Generated Files\Release</Filter>
    </ClCompile>
    <ClCompile Include="src\gui\LyapunovRandomRendererDialog.cpp">
      <Filter>GUI</Filter>
    </ClCompile>
    <ClCompile Include="GeneratedFiles\Debug\moc_LyapunovRandomRendererDialog.cpp">
      <Filter>Generated Files\Debug</Filter>
    </ClCompile>
    <ClCompile Include="GeneratedFiles\Release\moc_LyapunovRandomRendererDialog.cpp">
      <Filter>Generated Files\Release</Filter>
    </ClCompile>
    <ClCompile Include="src\gui\MandelbrotConfigurationDialog.cpp">
      <Filter>GUI</Filter>
    </ClCompile>
    <ClCompile Include="GeneratedFiles\Debug\moc_MandelbrotConfigurationDialog.cpp">
      <Filter>Generated Files\Debug</Filter>
    </ClCompile>
    <ClCompile Include="GeneratedFiles\Release\moc_MandelbrotConfigurationDialog.cpp">
      <Filter>Generated Files\Release</Filter>
    </ClCompile>
    <ClCompile Include="src\gui\MandelJuliaLayerConfigurationDialog.cpp">
      <Filter>GUI</Filter>
    </ClCompile>
    <ClCompile Include="src\gui\MandelJuliaRandomRenderer2Dialog.cpp">
      <Filter>GUI</Filter>
    </ClCompile>
    <ClCompile Include="src\gui\MandelJuliaRandomRendererDialog.cpp">
      <Filter>GUI</Filter>
    </ClCompile>
    <ClCompile Include="GeneratedFiles\Debug\moc_MandelJuliaRandomRendererDialog.cpp">
      <Filter>Generated Files\Debug</Filter>
    </ClCompile>
    <ClCompile Include="GeneratedFiles\Release\moc_MandelJuliaRandomRendererDialog.cpp">
      <Filter>Generated Files\Release</Filter>
    </ClCompile>
    <ClCompile Include="src\gui\MandelJuliaSineRendererDialog.cpp">
      <Filter>GUI</Filter>
    </ClCompile>
    <ClCompile Include="GeneratedFiles\Debug\moc_MandelJuliaSineRendererDialog.cpp">
      <Filter>Generated Files\Debug</Filter>
    </ClCompile>
    <ClCompile Include="GeneratedFiles\Release\moc_MandelJuliaSineRendererDialog.cpp">
      <Filter>Generated Files\Release</Filter>
    </ClCompile>
    <ClCompile Include="src\gui\MitchellNetravaliFilterConfigurationDialog.cpp">
      <Filter>GUI</Filter>
    </ClCompile>
    <ClCompile Include="GeneratedFiles\Debug\moc_MitchellNetravaliFilterConfigurationDialog.cpp">
      <Filter>Generated Files\Debug</Filter>
    </ClCompile>
    <ClCompile Include="GeneratedFiles\Release\moc_MitchellNetravaliFilterConfigurationDialog.cpp">
      <Filter>Generated Files\Release</Filter>
    </ClCompile>
    <ClCompile Include="src\gui\ProgressDialog.cpp">
      <Filter>GUI</Filter>
    </ClCompile>
    <ClCompile Include="GeneratedFiles\Debug\moc_ProgressDialog.cpp">
      <Filter>Generated Files\Debug</Filter>
    </ClCompile>
    <ClCompile Include="GeneratedFiles\Release\moc_ProgressDialog.cpp">
      <Filter>Generated Files\Release</Filter>
    </ClCompile>
    <ClCompile Include="src\gui\WidgetFractal.cpp">
      <Filter>GUI</Filter>
    </ClCompile>
    <ClCompile Include="GeneratedFiles\Debug\moc_WidgetFractal.cpp">
      <Filter>Generated Files\Debug</Filter>
    </ClCompile>
    <ClCompile Include="GeneratedFiles\Release\moc_WidgetFractal.cpp">
      <Filter>Generated Files\Release</Filter>
    </ClCompile>
    <ClCompile Include="src\guiState\BuddhabrotState.cpp">
      <Filter>Gui states</Filter>
    </ClCompile>
    <ClCompile Include="src\guiState\GuiState.cpp">
      <Filter>Gui states</Filter>
    </ClCompile>
    <ClCompile Include="GeneratedFiles\Debug\moc_GuiState.cpp">
      <Filter>Generated Files\Debug</Filter>
    </ClCompile>
    <ClCompile Include="GeneratedFiles\Release\moc_GuiState.cpp">
      <Filter>Generated Files\Release</Filter>
    </ClCompile>
    <ClCompile Include="src\guiState\JuliaState.cpp">
      <Filter>Gui states</Filter>
    </ClCompile>
    <ClCompile Include="src\guiState\LyapunovState.cpp">
      <Filter>Gui states</Filter>
    </ClCompile>
    <ClCompile Include="src\guiState\MandelbrotState.cpp">
      <Filter>Gui states</Filter>
    </ClCompile>
    <ClCompile Include="src\guiState\NewtonState.cpp">
      <Filter>Gui states</Filter>
    </ClCompile>
    <ClCompile Include="src\job\BuddhabrotJob.cpp">
      <Filter>Job</Filter>
    </ClCompile>
    <ClCompile Include="src\job\FractalJob.cpp">
      <Filter>Job</Filter>
    </ClCompile>
    <ClCompile Include="src\job\Job.cpp">
      <Filter>Job</Filter>
    </ClCompile>
    <ClCompile Include="src\job\JobManager.cpp">
      <Filter>Job</Filter>
    </ClCompile>
    <ClCompile Include="src\filter\BoxFilter.cpp">
      <Filter>Reconstruction filters</Filter>
    </ClCompile>
    <ClCompile Include="src\filter\GaussianFilter.cpp">
      <Filter>Reconstruction filters</Filter>
    </ClCompile>
    <ClCompile Include="src\filter\MitchellNetravaliFilter.cpp">
      <Filter>Reconstruction filters</Filter>
    </ClCompile>
    <ClCompile Include="src\filter\ReconstructionFilter.cpp">
      <Filter>Reconstruction filters</Filter>
    </ClCompile>
    <ClCompile Include="src\renderer\LyapunovBaseRenderer.cpp">
      <Filter>Renderers</Filter>
    </ClCompile>
    <ClCompile Include="src\renderer\LyapunovRandomRenderer.cpp">
      <Filter>Renderers</Filter>
    </ClCompile>
    <ClCompile Include="src\renderer\LyapunovRenderer1.cpp">
      <Filter>Renderers</Filter>
    </ClCompile>
    <ClCompile Include="src\renderer\MandelJuliaBaseRenderer.cpp">
      <Filter>Renderers</Filter>
    </ClCompile>
    <ClCompile Include="src\renderer\MandelJuliaBlackAndWhiteRenderer.cpp">
      <Filter>Renderers</Filter>
    </ClCompile>
    <ClCompile Include="src\renderer\MandelJuliaPredefRandomRenderer.cpp">
      <Filter>Renderers</Filter>
    </ClCompile>
    <ClCompile Include="src\renderer\MandelJuliaRandomRenderer2.cpp">
      <Filter>Renderers</Filter>
    </ClCompile>
    <ClCompile Include="src\renderer\MandelJuliaSineRenderer.cpp">
      <Filter>Renderers</Filter>
    </ClCompile>
    <ClCompile Include="src\core\Color.cpp">
      <Filter>Core</Filter>
    </ClCompile>
    <ClCompile Include="src\core\Complex.cpp">
      <Filter>Core</Filter>
    </ClCompile>
    <ClCompile Include="src\core\FractalComputationListener.cpp">
      <Filter>Core</Filter>
    </ClCompile>
    <ClCompile Include="src\core\Image.cpp">
      <Filter>Core</Filter>
    </ClCompile>
    <ClCompile Include="src\core\main.cpp">
      <Filter>Core</Filter>
    </ClCompile>
    <ClCompile Include="src\core\MathParser.cpp">
      <Filter>Core</Filter>
    </ClCompile>
    <ClCompile Include="src\core\Maths.cpp">
      <Filter>Core</Filter>
    </ClCompile>
    <ClCompile Include="src\core\Parameters.cpp">
      <Filter>Core</Filter>
    </ClCompile>
    <ClCompile Include="src\core\ProgressNotifier.cpp">
      <Filter>Core</Filter>
    </ClCompile>
    <ClCompile Include="GeneratedFiles\Debug\moc_ProgressNotifier.cpp">
      <Filter>Generated Files\Debug</Filter>
    </ClCompile>
    <ClCompile Include="GeneratedFiles\Release\moc_ProgressNotifier.cpp">
      <Filter>Generated Files\Release</Filter>
    </ClCompile>
    <ClCompile Include="src\core\Rng.cpp">
      <Filter>Core</Filter>
    </ClCompile>
    <ClCompile Include="GeneratedFiles\Debug\moc_MandelJuliaRandomRenderer2Dialog.cpp">
      <Filter>Generated Files\Debug</Filter>
    </ClCompile>
    <ClCompile Include="GeneratedFiles\Release\moc_MandelJuliaRandomRenderer2Dialog.cpp">
      <Filter>Generated Files\Release</Filter>
    </ClCompile>
    <ClCompile Include="src\tools\ImageUtils.cpp">
      <Filter>Tools</Filter>
    </ClCompile>
    <ClCompile Include="src\tools\Logger.cpp">
      <Filter>Tools</Filter>
    </ClCompile>
    <ClCompile Include="src\tools\Timer.cpp">
      <Filter>Tools</Filter>
    </ClCompile>
    <ClCompile Include="src\factory\ObjectFactory.cpp">
      <Filter>Factory</Filter>
    </ClCompile>
    <ClCompile Include="src\factory\ObjectFactoryManager.cpp">
      <Filter>Factory</Filter>
    </ClCompile>
    <ClCompile Include="GeneratedFiles\Debug\moc_MandelJuliaLayerConfigurationDialog.cpp">
      <Filter>Generated Files\Debug</Filter>
    </ClCompile>
    <ClCompile Include="GeneratedFiles\Release\moc_MandelJuliaLayerConfigurationDialog.cpp">
      <Filter>Generated Files\Release</Filter>
    </ClCompile>
  </ItemGroup>
  <ItemGroup>
    <CustomBuild Include="Fractals.qrc">
      <Filter>Resource Files</Filter>
    </CustomBuild>
    <CustomBuild Include="src\gui\BoxFilterConfigurationDialog.ui">
      <Filter>Form Files</Filter>
    </CustomBuild>
    <CustomBuild Include="src\gui\BuddhabrotConfigurationDialog.ui">
      <Filter>Form Files</Filter>
    </CustomBuild>
    <CustomBuild Include="src\gui\ChooseFractalWidget.ui">
      <Filter>Form Files</Filter>
    </CustomBuild>
    <CustomBuild Include="src\gui\Fractals.ui">
      <Filter>Form Files</Filter>
    </CustomBuild>
    <CustomBuild Include="src\gui\GaussianFilterConfigurationDialog.ui">
      <Filter>Form Files</Filter>
    </CustomBuild>
    <CustomBuild Include="src\gui\GeneralConfigurationDialog.ui">
      <Filter>Form Files</Filter>
    </CustomBuild>
    <CustomBuild Include="src\gui\LyapunovConfigurationDialog.ui">
      <Filter>Form Files</Filter>
    </CustomBuild>
    <CustomBuild Include="src\gui\LyapunovRandomRenderer.ui">
      <Filter>Form Files</Filter>
    </CustomBuild>
    <CustomBuild Include="src\gui\LyapunovRandomRendererDialog.ui">
      <Filter>Form Files</Filter>
    </CustomBuild>
    <CustomBuild Include="src\gui\MandelbrotConfigurationDialog.ui">
      <Filter>Form Files</Filter>
    </CustomBuild>
    <CustomBuild Include="src\gui\MandelJuliaLayerConfigurationDialog.ui">
      <Filter>Form Files</Filter>
    </CustomBuild>
    <CustomBuild Include="src\gui\MandelJuliaRandomRenderer2Dialog.ui">
      <Filter>Form Files</Filter>
    </CustomBuild>
    <CustomBuild Include="src\gui\MandelJuliaRandomRendererDialog.ui">
      <Filter>Form Files</Filter>
    </CustomBuild>
    <CustomBuild Include="src\gui\MandelJuliaSineRendererDialog.ui">
      <Filter>Form Files</Filter>
    </CustomBuild>
    <CustomBuild Include="src\gui\MitchellNetravaliFilterConfigurationDialog.ui">
      <Filter>Form Files</Filter>
    </CustomBuild>
    <CustomBuild Include="src\gui\ProgressDialog.ui">
      <Filter>Form Files</Filter>
    </CustomBuild>
    <CustomBuild Include="src\gui\WidgetFractal.ui">
      <Filter>Form Files</Filter>
    </CustomBuild>
    <CustomBuild Include="src\gui\BoxFilterConfigurationDialog.h">
      <Filter>GUI</Filter>
    </CustomBuild>
    <CustomBuild Include="src\gui\BuddhabrotConfigurationDialog.h">
      <Filter>GUI</Filter>
    </CustomBuild>
    <CustomBuild Include="src\gui\ChooseFractalWidget.h">
      <Filter>GUI</Filter>
    </CustomBuild>
    <CustomBuild Include="src\gui\FractalWindow.h">
      <Filter>GUI</Filter>
    </CustomBuild>
    <CustomBuild Include="src\gui\GaussianFilterConfigurationDialog.h">
      <Filter>GUI</Filter>
    </CustomBuild>
    <CustomBuild Include="src\gui\GeneralConfigurationDialog.h">
      <Filter>GUI</Filter>
    </CustomBuild>
    <CustomBuild Include="src\gui\LyapunovConfigurationDialog.h">
      <Filter>GUI</Filter>
    </CustomBuild>
    <CustomBuild Include="src\gui\LyapunovRandomRendererDialog.h">
      <Filter>GUI</Filter>
    </CustomBuild>
    <CustomBuild Include="src\gui\MandelbrotConfigurationDialog.h">
      <Filter>GUI</Filter>
    </CustomBuild>
    <CustomBuild Include="src\gui\MandelJuliaRandomRendererDialog.h">
      <Filter>GUI</Filter>
    </CustomBuild>
    <CustomBuild Include="src\gui\MandelJuliaSineRendererDialog.h">
      <Filter>GUI</Filter>
    </CustomBuild>
    <CustomBuild Include="src\gui\MitchellNetravaliFilterConfigurationDialog.h">
      <Filter>GUI</Filter>
    </CustomBuild>
    <CustomBuild Include="src\gui\ProgressDialog.h">
      <Filter>GUI</Filter>
    </CustomBuild>
    <CustomBuild Include="src\gui\WidgetFractal.h">
      <Filter>GUI</Filter>
    </CustomBuild>
    <CustomBuild Include="src\guiState\GuiState.h">
      <Filter>Gui states</Filter>
    </CustomBuild>
    <CustomBuild Include="src\core\ProgressNotifier.h">
      <Filter>Core</Filter>
    </CustomBuild>
    <CustomBuild Include="src\gui\MandelJuliaRandomRenderer2Dialog.h">
      <Filter>GUI</Filter>
    </CustomBuild>
    <CustomBuild Include="src\gui\MandelJuliaLayerConfigurationDialog.h">
      <Filter>GUI</Filter>
    </CustomBuild>
  </ItemGroup>
  <ItemGroup>
    <ClInclude Include="FParser\fparser.hh">
      <Filter>FParser</Filter>
    </ClInclude>
    <ClInclude Include="FParser\fparser_gmpint.hh">
      <Filter>FParser</Filter>
    </ClInclude>
    <ClInclude Include="FParser\fparser_mpfr.hh">
      <Filter>FParser</Filter>
    </ClInclude>
    <ClInclude Include="FParser\extrasrc\fpaux.hh">
      <Filter>FParser</Filter>
    </ClInclude>
    <ClInclude Include="FParser\fpconfig.hh">
      <Filter>FParser</Filter>
    </ClInclude>
    <ClInclude Include="FParser\extrasrc\fptypes.hh">
      <Filter>FParser</Filter>
    </ClInclude>
    <ClInclude Include="GeneratedFiles\ui_BoxFilterConfigurationDialog.h">
      <Filter>Generated Files</Filter>
    </ClInclude>
    <ClInclude Include="GeneratedFiles\ui_BuddhabrotConfigurationDialog.h">
      <Filter>Generated Files</Filter>
    </ClInclude>
    <ClInclude Include="GeneratedFiles\ui_ChooseFractalWidget.h">
      <Filter>Generated Files</Filter>
    </ClInclude>
    <ClInclude Include="GeneratedFiles\ui_Fractals.h">
      <Filter>Generated Files</Filter>
    </ClInclude>
    <ClInclude Include="GeneratedFiles\ui_GaussianFilterConfigurationDialog.h">
      <Filter>Generated Files</Filter>
    </ClInclude>
    <ClInclude Include="GeneratedFiles\ui_GeneralConfigurationDialog.h">
      <Filter>Generated Files</Filter>
    </ClInclude>
    <ClInclude Include="GeneratedFiles\ui_LyapunovConfigurationDialog.h">
      <Filter>Generated Files</Filter>
    </ClInclude>
    <ClInclude Include="GeneratedFiles\ui_LyapunovRandomRenderer.h">
      <Filter>Generated Files</Filter>
    </ClInclude>
    <ClInclude Include="GeneratedFiles\ui_LyapunovRandomRendererDialog.h">
      <Filter>Generated Files</Filter>
    </ClInclude>
    <ClInclude Include="GeneratedFiles\ui_MandelbrotConfigurationDialog.h">
      <Filter>Generated Files</Filter>
    </ClInclude>
    <ClInclude Include="GeneratedFiles\ui_MandelJuliaLayerConfigurationDialog.h">
      <Filter>Generated Files</Filter>
    </ClInclude>
    <ClInclude Include="GeneratedFiles\ui_MandelJuliaRandomRenderer2Dialog.h">
      <Filter>Generated Files</Filter>
    </ClInclude>
    <ClInclude Include="GeneratedFiles\ui_MandelJuliaRandomRendererDialog.h">
      <Filter>Generated Files</Filter>
    </ClInclude>
    <ClInclude Include="GeneratedFiles\ui_MandelJuliaSineRendererDialog.h">
      <Filter>Generated Files</Filter>
    </ClInclude>
    <ClInclude Include="GeneratedFiles\ui_MitchellNetravaliFilterConfigurationDialog.h">
      <Filter>Generated Files</Filter>
    </ClInclude>
    <ClInclude Include="GeneratedFiles\ui_ProgressDialog.h">
      <Filter>Generated Files</Filter>
    </ClInclude>
    <ClInclude Include="GeneratedFiles\ui_WidgetFractal.h">
      <Filter>Generated Files</Filter>
    </ClInclude>
    <ClInclude Include="src\fractal\Buddhabrot.h">
      <Filter>Fractals</Filter>
    </ClInclude>
    <ClInclude Include="src\fractal\Fractal.h">
      <Filter>Fractals</Filter>
    </ClInclude>
    <ClInclude Include="src\fractal\Fractal2.h">
      <Filter>Fractals</Filter>
    </ClInclude>
    <ClInclude Include="src\fractal\Julia.h">
      <Filter>Fractals</Filter>
    </ClInclude>
    <ClInclude Include="src\fractal\Lyapunov.h">
      <Filter>Fractals</Filter>
    </ClInclude>
    <ClInclude Include="src\fractal\Mandelbrot.h">
      <Filter>Fractals</Filter>
    </ClInclude>
    <ClInclude Include="src\fractal\Newton.h">
      <Filter>Fractals</Filter>
    </ClInclude>
    <ClInclude Include="src\guiState\BuddhabrotState.h">
      <Filter>Gui states</Filter>
    </ClInclude>
    <ClInclude Include="src\guiState\JuliaState.h">
      <Filter>Gui states</Filter>
    </ClInclude>
    <ClInclude Include="src\guiState\LyapunovState.h">
      <Filter>Gui states</Filter>
    </ClInclude>
    <ClInclude Include="src\guiState\MandelbrotState.h">
      <Filter>Gui states</Filter>
    </ClInclude>
    <ClInclude Include="src\guiState\NewtonState.h">
      <Filter>Gui states</Filter>
    </ClInclude>
    <ClInclude Include="src\job\BuddhabrotJob.h">
      <Filter>Job</Filter>
    </ClInclude>
    <ClInclude Include="src\job\FractalJob.h">
      <Filter>Job</Filter>
    </ClInclude>
    <ClInclude Include="src\job\Job.h">
      <Filter>Job</Filter>
    </ClInclude>
    <ClInclude Include="src\job\JobManager.h">
      <Filter>Job</Filter>
    </ClInclude>
    <ClInclude Include="src\filter\BoxFilter.h">
      <Filter>Reconstruction filters</Filter>
    </ClInclude>
    <ClInclude Include="src\filter\GaussianFilter.h">
      <Filter>Reconstruction filters</Filter>
    </ClInclude>
    <ClInclude Include="src\filter\MitchellNetravaliFilter.h">
      <Filter>Reconstruction filters</Filter>
    </ClInclude>
    <ClInclude Include="src\filter\ReconstructionFilter.h">
      <Filter>Reconstruction filters</Filter>
    </ClInclude>
    <ClInclude Include="src\renderer\LyapunovBaseRenderer.h">
      <Filter>Renderers</Filter>
    </ClInclude>
    <ClInclude Include="src\renderer\LyapunovRandomRenderer.h">
      <Filter>Renderers</Filter>
    </ClInclude>
    <ClInclude Include="src\renderer\LyapunovRenderer1.h">
      <Filter>Renderers</Filter>
    </ClInclude>
    <ClInclude Include="src\renderer\MandelJuliaBaseRenderer.h">
      <Filter>Renderers</Filter>
    </ClInclude>
    <ClInclude Include="src\renderer\MandelJuliaBlackAndWhiteRenderer.h">
      <Filter>Renderers</Filter>
    </ClInclude>
    <ClInclude Include="src\renderer\MandelJuliaPredefRandomRenderer.h">
      <Filter>Renderers</Filter>
    </ClInclude>
    <ClInclude Include="src\renderer\MandelJuliaRandomRenderer2.h">
      <Filter>Renderers</Filter>
    </ClInclude>
    <ClInclude Include="src\renderer\MandelJuliaSineRenderer.h">
      <Filter>Renderers</Filter>
    </ClInclude>
    <ClInclude Include="src\core\Array2D.h">
      <Filter>Core</Filter>
    </ClInclude>
    <ClInclude Include="src\core\Color.h">
      <Filter>Core</Filter>
    </ClInclude>
    <ClInclude Include="src\core\Complex.h">
      <Filter>Core</Filter>
    </ClInclude>
    <ClInclude Include="src\core\FractalComputationListener.h">
      <Filter>Core</Filter>
    </ClInclude>
    <ClInclude Include="src\core\Image.h">
      <Filter>Core</Filter>
    </ClInclude>
    <ClInclude Include="src\core\MathParser.h">
      <Filter>Core</Filter>
    </ClInclude>
    <ClInclude Include="src\core\Maths.h">
      <Filter>Core</Filter>
    </ClInclude>
    <ClInclude Include="src\core\Parameters.h">
      <Filter>Core</Filter>
    </ClInclude>
    <ClInclude Include="src\core\Rng.h">
      <Filter>Core</Filter>
    </ClInclude>
    <ClInclude Include="src\tools\ImageUtils.h">
      <Filter>Tools</Filter>
    </ClInclude>
    <ClInclude Include="src\tools\Logger.h">
      <Filter>Tools</Filter>
    </ClInclude>
    <ClInclude Include="src\tools\NonCopyable.h">
      <Filter>Tools</Filter>
    </ClInclude>
    <ClInclude Include="src\tools\SignalBlocker.h">
      <Filter>Tools</Filter>
    </ClInclude>
    <ClInclude Include="src\tools\Singleton.h">
      <Filter>Tools</Filter>
    </ClInclude>
    <ClInclude Include="src\tools\StrEnum.h">
      <Filter>Tools</Filter>
    </ClInclude>
    <ClInclude Include="src\tools\Timer.h">
      <Filter>Tools</Filter>
    </ClInclude>
    <ClInclude Include="src\tools\WithSmartPtr.h">
      <Filter>Tools</Filter>
    </ClInclude>
    <ClInclude Include="src\factory\ObjectFactory.h">
      <Filter>Factory</Filter>
    </ClInclude>
    <ClInclude Include="src\factory\ObjectFactoryManager.h">
      <Filter>Factory</Filter>
    </ClInclude>
  </ItemGroup>
  <ItemGroup>
    <ResourceCompile Include="Fractals.rc" />
  </ItemGroup>
  <ItemGroup>
    <None Include="FParser\extrasrc\fp_identifier_parser.inc">
      <Filter>FParser</Filter>
    </None>
    <None Include="FParser\extrasrc\fp_opcode_add.inc">
      <Filter>FParser</Filter>
    </None>
  </ItemGroup>
</Project>